
Microsoft Visual Studio Solution File, Format Version 12.00
# Visual Studio Version 17
VisualStudioVersion = 17.0.31808.319
MinimumVisualStudioVersion = 10.0.40219.1
Project("{FAE04EC0-301F-11D3-BF4B-00C04F79EFBC}") = "ApplicationMiniLoterie", "ApplicationMiniLoterie\ApplicationMiniLoterie.csproj", "{890E6F18-940D-423B-921B-9092B8E19C8E}"
EndProject
Global
	GlobalSection(SolutionConfigurationPlatforms) = preSolution
		Debug|Any CPU = Debug|Any CPU
		Release|Any CPU = Release|Any CPU
	EndGlobalSection
	GlobalSection(ProjectConfigurationPlatforms) = postSolution
		{890E6F18-940D-423B-921B-9092B8E19C8E}.Debug|Any CPU.ActiveCfg = Debug|Any CPU
		{890E6F18-940D-423B-921B-9092B8E19C8E}.Debug|Any CPU.Build.0 = Debug|Any CPU
		{890E6F18-940D-423B-921B-9092B8E19C8E}.Release|Any CPU.ActiveCfg = Release|Any CPU
		{890E6F18-940D-423B-921B-9092B8E19C8E}.Release|Any CPU.Build.0 = Release|Any CPU
	EndGlobalSection
	GlobalSection(SolutionProperties) = preSolution
		HideSolutionNode = FALSE
	EndGlobalSection
	GlobalSection(ExtensibilityGlobals) = postSolution
		SolutionGuid = {F55F0999-FFB7-4FE2-A66E-38F2A9BBBBDA}
	EndGlobalSection
EndGlobal
